{
  "version": 4,
  "terraform_version": "1.6.0",
  "serial": 22,
  "lineage": "a5f94ff2-758e-19c5-d7fb-96bcb7083fc6",
  "outputs": {
    "monitoring_ip": {
      "value": "35.223.114.56",
      "type": "string"
    },
    "monitoring_vm_ip": {
      "value": "34.46.118.226",
      "type": "string"
    },
    "runner_public_ip": {
      "value": "34.133.55.212",
      "type": "string"
    }
  },
  "resources": [
    {
      "mode": "managed",
      "type": "google_compute_address",
      "name": "monitoring",
      "provider": "provider[\"registry.terraform.io/hashicorp/google\"]",
      "instances": [
        {
          "schema_version": 0,
          "attributes": {
            "address": "35.223.114.56",
            "address_type": "EXTERNAL",
            "creation_timestamp": "2026-03-07T22:26:25.849-08:00",
            "description": "",
            "effective_labels": {},
            "id": "projects/instahelper-1772547417/regions/us-central1/addresses/monitoring-ip",
            "ip_version": "",
            "ipv6_endpoint_type": "",
            "label_fingerprint": "42WmSpB8rSM=",
            "labels": null,
            "name": "monitoring-ip",
            "network": "",
            "network_tier": "PREMIUM",
            "prefix_length": 0,
            "project": "instahelper-1772547417",
            "purpose": "",
            "region": "us-central1",
            "self_link": "https://www.googleapis.com/compute/v1/projects/instahelper-1772547417/regions/us-central1/addresses/monitoring-ip",
            "subnetwork": "",
            "terraform_labels": {},
            "timeouts": null,
            "users": []
          },
          "sensitive_attributes": [],
          "private": "eyJlMmJmYjczMC1lY2FhLTExZTYtOGY4OC0zNDM2M2JjN2M0YzAiOnsiY3JlYXRlIjoxMjAwMDAwMDAwMDAwLCJkZWxldGUiOjEyMDAwMDAwMDAwMDAsInVwZGF0ZSI6MTIwMDAwMDAwMDAwMH19"
        }
      ]
    },
    {
      "mode": "managed",
      "type": "google_compute_backend_service",
      "name": "instahelper_backend",
      "provider": "provider[\"registry.terraform.io/hashicorp/google\"]",
      "instances": [
        {
          "schema_version": 1,
          "attributes": {
            "affinity_cookie_ttl_sec": 0,
            "backend": [
              {
                "balancing_mode": "UTILIZATION",
                "capacity_scaler": 1,
                "description": "",
                "group": "https://www.googleapis.com/compute/v1/projects/instahelper-1772547417/zones/us-central1-a/instanceGroups/instahelper-instance-group",
                "max_connections": 0,
                "max_connections_per_endpoint": 0,
                "max_connections_per_instance": 0,
                "max_rate": 0,
                "max_rate_per_endpoint": 0,
                "max_rate_per_instance": 0,
                "max_utilization": 0
              }
            ],
            "cdn_policy": [],
            "circuit_breakers": [],
            "compression_mode": "",
            "connection_draining_timeout_sec": 300,
            "consistent_hash": [],
            "creation_timestamp": "2026-03-03T06:29:38.083-08:00",
            "custom_request_headers": [],
            "custom_response_headers": [],
            "description": "",
            "edge_security_policy": "",
            "enable_cdn": false,
            "fingerprint": "PYUnLiDO7XQ=",
            "generated_id": 3439697911524052669,
            "health_checks": [
              "https://www.googleapis.com/compute/v1/projects/instahelper-1772547417/global/healthChecks/instahelper-health-check"
            ],
            "iap": [],
            "id": "projects/instahelper-1772547417/global/backendServices/instahelper-backend-service",
            "load_balancing_scheme": "EXTERNAL",
            "locality_lb_policies": [],
            "locality_lb_policy": "",
            "log_config": [],
            "name": "instahelper-backend-service",
            "outlier_detection": [],
            "port_name": "http",
            "project": "instahelper-1772547417",
            "protocol": "HTTP",
            "security_policy": "",
            "security_settings": [],
            "self_link": "https://www.googleapis.com/compute/v1/projects/instahelper-1772547417/global/backendServices/instahelper-backend-service",
            "service_lb_policy": "",
            "session_affinity": "NONE",
            "timeout_sec": 10,
            "timeouts": null
          },
          "sensitive_attributes": [],
          "private": "eyJlMmJmYjczMC1lY2FhLTExZTYtOGY4OC0zNDM2M2JjN2M0YzAiOnsiY3JlYXRlIjoxMjAwMDAwMDAwMDAwLCJkZWxldGUiOjEyMDAwMDAwMDAwMDAsInVwZGF0ZSI6MTIwMDAwMDAwMDAwMH0sInNjaGVtYV92ZXJzaW9uIjoiMSJ9",
          "dependencies": [
            "google_compute_health_check.instahelper_health",
            "google_compute_instance.app_server",
            "google_compute_instance_group.instahelper_group",
            "google_compute_network.vpc",
            "google_compute_subnetwork.subnet"
          ]
        }
      ]
    },
    {
      "mode": "managed",
      "type": "google_compute_firewall",
      "name": "allow-grafana",
      "provider": "provider[\"registry.terraform.io/hashicorp/google\"]",
      "instances": [
        {
          "schema_version": 1,
          "attributes": {
            "allow": [
              {
                "ports": [
                  "3000"
                ],
                "protocol": "tcp"
              }
            ],
            "creation_timestamp": "2026-03-07T22:26:25.117-08:00",
            "deny": [],
            "description": "",
            "destination_ranges": [],
            "direction": "INGRESS",
            "disabled": false,
            "enable_logging": null,
            "id": "projects/instahelper-1772547417/global/firewalls/allow-grafana",
            "log_config": [],
            "name": "allow-grafana",
            "network": "https://www.googleapis.com/compute/v1/projects/instahelper-1772547417/global/networks/instahelper-vpc",
            "priority": 1000,
            "project": "instahelper-1772547417",
            "self_link": "https://www.googleapis.com/compute/v1/projects/instahelper-1772547417/global/firewalls/allow-grafana",
            "source_ranges": [
              "0.0.0.0/0"
            ],
            "source_service_accounts": null,
            "source_tags": null,
            "target_service_accounts": null,
            "target_tags": [
              "monitoring-server"
            ],
            "timeouts": null
          },
          "sensitive_attributes": [],
          "private": "eyJlMmJmYjczMC1lY2FhLTExZTYtOGY4OC0zNDM2M2JjN2M0YzAiOnsiY3JlYXRlIjoxMjAwMDAwMDAwMDAwLCJkZWxldGUiOjEyMDAwMDAwMDAwMDAsInVwZGF0ZSI6MTIwMDAwMDAwMDAwMH0sInNjaGVtYV92ZXJzaW9uIjoiMSJ9",
          "dependencies": [
            "google_compute_network.vpc"
          ]
        }
      ]
    },
    {
      "mode": "managed",
      "type": "google_compute_firewall",
      "name": "allow-health-check",
      "provider": "provider[\"registry.terraform.io/hashicorp/google\"]",
      "instances": [
        {
          "schema_version": 1,
          "attributes": {
            "allow": [
              {
                "ports": [
                  "8080"
                ],
                "protocol": "tcp"
              }
            ],
            "creation_timestamp": "2026-03-03T06:28:38.370-08:00",
            "deny": [],
            "description": "",
            "destination_ranges": [],
            "direction": "INGRESS",
            "disabled": false,
            "enable_logging": null,
            "id": "projects/instahelper-1772547417/global/firewalls/instahelper-allow-health-check",
            "log_config": [],
            "name": "instahelper-allow-health-check",
            "network": "https://www.googleapis.com/compute/v1/projects/instahelper-1772547417/global/networks/instahelper-vpc",
            "priority": 1000,
            "project": "instahelper-1772547417",
            "self_link": "https://www.googleapis.com/compute/v1/projects/instahelper-1772547417/global/firewalls/instahelper-allow-health-check",
            "source_ranges": [
              "130.211.0.0/22",
              "35.191.0.0/16"
            ],
            "source_service_accounts": [],
            "source_tags": [],
            "target_service_accounts": [],
            "target_tags": [
              "load-balanced-backend"
            ],
            "timeouts": null
          },
          "sensitive_attributes": [],
          "private": "eyJlMmJmYjczMC1lY2FhLTExZTYtOGY4OC0zNDM2M2JjN2M0YzAiOnsiY3JlYXRlIjoxMjAwMDAwMDAwMDAwLCJkZWxldGUiOjEyMDAwMDAwMDAwMDAsInVwZGF0ZSI6MTIwMDAwMDAwMDAwMH0sInNjaGVtYV92ZXJzaW9uIjoiMSJ9",
          "dependencies": [
            "google_compute_network.vpc"
          ]
        }
      ]
    },
    {
      "mode": "managed",
      "type": "google_compute_firewall",
      "name": "allow-http",
      "provider": "provider[\"registry.terraform.io/hashicorp/google\"]",
      "instances": [
        {
          "schema_version": 1,
          "attributes": {
            "allow": [
              {
                "ports": [
                  "80",
                  "8080"
                ],
                "protocol": "tcp"
              }
            ],
            "creation_timestamp": "2026-03-03T06:28:37.483-08:00",
            "deny": [],
            "description": "",
            "destination_ranges": [],
            "direction": "INGRESS",
            "disabled": false,
            "enable_logging": null,
            "id": "projects/instahelper-1772547417/global/firewalls/instahelper-allow-http",
            "log_config": [],
            "name": "instahelper-allow-http",
            "network": "https://www.googleapis.com/compute/v1/projects/instahelper-1772547417/global/networks/instahelper-vpc",
            "priority": 1000,
            "project": "instahelper-1772547417",
            "self_link": "https://www.googleapis.com/compute/v1/projects/instahelper-1772547417/global/firewalls/instahelper-allow-http",
            "source_ranges": [
              "0.0.0.0/0"
            ],
            "source_service_accounts": [],
            "source_tags": [],
            "target_service_accounts": [],
            "target_tags": [
              "http-server"
            ],
            "timeouts": null
          },
          "sensitive_attributes": [],
          "private": "eyJlMmJmYjczMC1lY2FhLTExZTYtOGY4OC0zNDM2M2JjN2M0YzAiOnsiY3JlYXRlIjoxMjAwMDAwMDAwMDAwLCJkZWxldGUiOjEyMDAwMDAwMDAwMDAsInVwZGF0ZSI6MTIwMDAwMDAwMDAwMH0sInNjaGVtYV92ZXJzaW9uIjoiMSJ9",
          "dependencies": [
            "google_compute_network.vpc"
          ]
        }
      ]
    },
    {
      "mode": "managed",
      "type": "google_compute_firewall",
      "name": "allow-prometheus",
      "provider": "provider[\"registry.terraform.io/hashicorp/google\"]",
      "instances": [
        {
          "schema_version": 1,
          "attributes": {
            "allow": [
              {
                "ports": [
                  "9090"
                ],
                "protocol": "tcp"
              }
            ],
            "creation_timestamp": "2026-03-07T22:26:25.337-08:00",
            "deny": [],
            "description": "",
            "destination_ranges": [],
            "direction": "INGRESS",
            "disabled": false,
            "enable_logging": null,
            "id": "projects/instahelper-1772547417/global/firewalls/allow-prometheus",
            "log_config": [],
            "name": "allow-prometheus",
            "network": "https://www.googleapis.com/compute/v1/projects/instahelper-1772547417/global/networks/instahelper-vpc",
            "priority": 1000,
            "project": "instahelper-1772547417",
            "self_link": "https://www.googleapis.com/compute/v1/projects/instahelper-1772547417/global/firewalls/allow-prometheus",
            "source_ranges": [
              "0.0.0.0/0"
            ],
            "source_service_accounts": null,
            "source_tags": null,
            "target_service_accounts": null,
            "target_tags": [
              "monitoring-server"
            ],
            "timeouts": null
          },
          "sensitive_attributes": [],
          "private": "eyJlMmJmYjczMC1lY2FhLTExZTYtOGY4OC0zNDM2M2JjN2M0YzAiOnsiY3JlYXRlIjoxMjAwMDAwMDAwMDAwLCJkZWxldGUiOjEyMDAwMDAwMDAwMDAsInVwZGF0ZSI6MTIwMDAwMDAwMDAwMH0sInNjaGVtYV92ZXJzaW9uIjoiMSJ9",
          "dependencies": [
            "google_compute_network.vpc"
          ]
        }
      ]
    },
    {
      "mode": "managed",
      "type": "google_compute_firewall",
      "name": "allow-ssh",
      "provider": "provider[\"registry.terraform.io/hashicorp/google\"]",
      "instances": [
        {
          "schema_version": 1,
          "attributes": {
            "allow": [
              {
                "ports": [
                  "22"
                ],
                "protocol": "tcp"
              }
            ],
            "creation_timestamp": "2026-03-03T06:28:38.157-08:00",
            "deny": [],
            "description": "",
            "destination_ranges": [],
            "direction": "INGRESS",
            "disabled": false,
            "enable_logging": null,
            "id": "projects/instahelper-1772547417/global/firewalls/instahelper-allow-ssh",
            "log_config": [],
            "name": "instahelper-allow-ssh",
            "network": "https://www.googleapis.com/compute/v1/projects/instahelper-1772547417/global/networks/instahelper-vpc",
            "priority": 1000,
            "project": "instahelper-1772547417",
            "self_link": "https://www.googleapis.com/compute/v1/projects/instahelper-1772547417/global/firewalls/instahelper-allow-ssh",
            "source_ranges": [
              "0.0.0.0/0"
            ],
            "source_service_accounts": [],
            "source_tags": [],
            "target_service_accounts": [],
            "target_tags": [
              "ssh-server"
            ],
            "timeouts": null
          },
          "sensitive_attributes": [],
          "private": "eyJlMmJmYjczMC1lY2FhLTExZTYtOGY4OC0zNDM2M2JjN2M0YzAiOnsiY3JlYXRlIjoxMjAwMDAwMDAwMDAwLCJkZWxldGUiOjEyMDAwMDAwMDAwMDAsInVwZGF0ZSI6MTIwMDAwMDAwMDAwMH0sInNjaGVtYV92ZXJzaW9uIjoiMSJ9",
          "dependencies": [
            "google_compute_network.vpc"
          ]
        }
      ]
    },
    {
      "mode": "managed",
      "type": "google_compute_global_address",
      "name": "lb_ip",
      "provider": "provider[\"registry.terraform.io/hashicorp/google\"]",
      "instances": [
        {
          "schema_version": 0,
          "attributes": {
            "address": "130.211.25.158",
            "address_type": "EXTERNAL",
            "creation_timestamp": "2026-03-03T06:28:24.225-08:00",
            "description": "",
            "effective_labels": {},
            "id": "projects/instahelper-1772547417/global/addresses/instahelper-lb-ip",
            "ip_version": "",
            "label_fingerprint": "42WmSpB8rSM=",
            "labels": {},
            "name": "instahelper-lb-ip",
            "network": "",
            "prefix_length": 0,
            "project": "instahelper-1772547417",
            "purpose": "",
            "self_link": "https://www.googleapis.com/compute/v1/projects/instahelper-1772547417/global/addresses/instahelper-lb-ip",
            "terraform_labels": {},
            "timeouts": null
          },
          "sensitive_attributes": [],
          "private": "eyJlMmJmYjczMC1lY2FhLTExZTYtOGY4OC0zNDM2M2JjN2M0YzAiOnsiY3JlYXRlIjoxMjAwMDAwMDAwMDAwLCJkZWxldGUiOjEyMDAwMDAwMDAwMDAsInVwZGF0ZSI6MTIwMDAwMDAwMDAwMH19"
        }
      ]
    },
    {
      "mode": "managed",
      "type": "google_compute_global_forwarding_rule",
      "name": "instahelper_http_forwarding",
      "provider": "provider[\"registry.terraform.io/hashicorp/google\"]",
      "instances": [
        {
          "schema_version": 0,
          "attributes": {
            "base_forwarding_rule": "",
            "description": "",
            "effective_labels": {},
            "id": "projects/instahelper-1772547417/global/forwardingRules/instahelper-http-forwarding-rule",
            "ip_address": "130.211.25.158",
            "ip_protocol": "TCP",
            "ip_version": "",
            "label_fingerprint": "42WmSpB8rSM=",
            "labels": {},
            "load_balancing_scheme": "EXTERNAL",
            "metadata_filters": [],
            "name": "instahelper-http-forwarding-rule",
            "network": "",
            "no_automate_dns_zone": null,
            "port_range": "80-80",
            "project": "instahelper-1772547417",
            "psc_connection_id": "",
            "psc_connection_status": "",
            "self_link": "https://www.googleapis.com/compute/v1/projects/instahelper-1772547417/global/forwardingRules/instahelper-http-forwarding-rule",
            "service_directory_registrations": [],
            "source_ip_ranges": [],
            "subnetwork": "",
            "target": "https://www.googleapis.com/compute/v1/projects/instahelper-1772547417/global/targetHttpProxies/instahelper-http-proxy",
            "terraform_labels": {},
            "timeouts": null
          },
          "sensitive_attributes": [],
          "private": "eyJlMmJmYjczMC1lY2FhLTExZTYtOGY4OC0zNDM2M2JjN2M0YzAiOnsiY3JlYXRlIjoxMjAwMDAwMDAwMDAwLCJkZWxldGUiOjEyMDAwMDAwMDAwMDAsInVwZGF0ZSI6MTIwMDAwMDAwMDAwMH19",
          "dependencies": [
            "google_compute_backend_service.instahelper_backend",
            "google_compute_global_address.lb_ip",
            "google_compute_health_check.instahelper_health",
            "google_compute_instance.app_server",
            "google_compute_instance_group.instahelper_group",
            "google_compute_network.vpc",
            "google_compute_subnetwork.subnet",
            "google_compute_target_http_proxy.instahelper_http_proxy",
            "google_compute_url_map.instahelper_url_map"
          ]
        }
      ]
    },
    {
      "mode": "managed",
      "type": "google_compute_health_check",
      "name": "instahelper_health",
      "provider": "provider[\"registry.terraform.io/hashicorp/google\"]",
      "instances": [
        {
          "schema_version": 0,
          "attributes": {
            "check_interval_sec": 5,
            "creation_timestamp": "2026-03-03T06:28:24.436-08:00",
            "description": "",
            "grpc_health_check": [],
            "healthy_threshold": 2,
            "http2_health_check": [],
            "http_health_check": [
              {
                "host": "",
                "port": 8080,
                "port_name": "",
                "port_specification": "",
                "proxy_header": "NONE",
                "request_path": "/health",
                "response": ""
              }
            ],
            "https_health_check": [],
            "id": "projects/instahelper-1772547417/global/healthChecks/instahelper-health-check",
            "log_config": [
              {
                "enable": false
              }
            ],
            "name": "instahelper-health-check",
            "project": "instahelper-1772547417",
            "self_link": "https://www.googleapis.com/compute/v1/projects/instahelper-1772547417/global/healthChecks/instahelper-health-check",
            "source_regions": [],
            "ssl_health_check": [],
            "tcp_health_check": [],
            "timeout_sec": 5,
            "timeouts": null,
            "type": "HTTP",
            "unhealthy_threshold": 2
          },
          "sensitive_attributes": [],
          "private": "eyJlMmJmYjczMC1lY2FhLTExZTYtOGY4OC0zNDM2M2JjN2M0YzAiOnsiY3JlYXRlIjoxMjAwMDAwMDAwMDAwLCJkZWxldGUiOjEyMDAwMDAwMDAwMDAsInVwZGF0ZSI6MTIwMDAwMDAwMDAwMH19"
        }
      ]
    },
    {
      "mode": "managed",
      "type": "google_compute_instance",
      "name": "app_server",
      "provider": "provider[\"registry.terraform.io/hashicorp/google\"]",
      "instances": [
        {
          "schema_version": 6,
          "attributes": {
            "advanced_machine_features": [],
            "allow_stopping_for_update": null,
            "attached_disk": [],
            "boot_disk": [
              {
                "auto_delete": true,
                "device_name": "persistent-disk-0",
                "disk_encryption_key_raw": "",
                "disk_encryption_key_sha256": "",
                "initialize_params": [
                  {
                    "enable_confidential_compute": false,
                    "image": "https://www.googleapis.com/compute/v1/projects/ubuntu-os-cloud/global/images/ubuntu-2204-jammy-v20260226",
                    "labels": {},
                    "provisioned_iops": 0,
                    "provisioned_throughput": 0,
                    "resource_manager_tags": {},
                    "size": 20,
                    "storage_pool": "",
                    "type": "pd-standard"
                  }
                ],
                "kms_key_self_link": "",
                "mode": "READ_WRITE",
                "source": "https://www.googleapis.com/compute/v1/projects/instahelper-1772547417/zones/us-central1-a/disks/instahelper-server"
              }
            ],
            "can_ip_forward": false,
            "confidential_instance_config": [],
            "cpu_platform": "Intel Broadwell",
            "current_status": "RUNNING",
            "deletion_protection": false,
            "description": "",
            "desired_status": null,
            "effective_labels": {},
            "enable_display": false,
            "guest_accelerator": [],
            "hostname": "",
            "id": "projects/instahelper-1772547417/zones/us-central1-a/instances/instahelper-server",
            "instance_id": "5243085813608828637",
            "label_fingerprint": "42WmSpB8rSM=",
            "labels": {},
            "machine_type": "e2-small",
            "metadata": {
              "ssh-keys": "ubuntu:ssh-rsa AAAAB3NzaC1yc2EAAAADAQABAAACAQCWC436Z6OQrUXXgNAPLtvX25Kn1uR1DUIWhLYjmsksmNtSoqpzBXc81ijJn9F3/rmnkPYA7YYyZIDF7ivAbI+U0Yp56PCYMDwBcuNyKHxu3h2So2IiBbD5JDut3lL2J1d98YGrUGFNt0gu9vp87TJR07iSHnYae37WtNqYRvhoSJBwY4E9GG+PNm4zEE8Utay6c/dD2FdabGFvCwLJlVfwgaIInr/cooGfqZcphG+lI/cb2B2LwYrlYD5D04wQoVGSc/IgW4TMG1L+q6FmjpSX+1tz89gzpb7yFZD8jpNysrdWPoeq+K0QGMY8RBjf/E67SC3IbZ6uyraGuQCx3pWWUALYaP5LBooou6hVXg2z8SQ0G13pUnj8IB58/h4FoC2udTm1YPQsy0VJV8+6GtbU3iylMy/+CiSCKOYSEaGo5PxDF0O1rxrApotGIEEKi+TEkptIzWQYh2i78ZrhSyaSMwUVqpsaJAe7QGZE9ZuiogqsOs33z2cJmgdNNlI8o++HdL8PJevh/PBeGCcTQsD2gxirRaYQY3MivkEmtX93+Y7ZS3E7/JBEDrwVqbAbWDQ8LMa2CWNuUG43X6nv7Dn1wOoi47u3wfarKxQlRBmZkVqeMs5wDgrT/3K+0b0fNij9CrJGOD4UElZCMNzMKfHOuMCKNG4g0FrcxOyaxASYbQ== mirai@local\n",
              "startup-script": "#!/bin/bash\napt-get update\napt-get install -y docker.io python3-pip curl\nsystemctl enable docker\nsystemctl start docker\nusermod -aG docker ubuntu\n      \n# Установка Docker Compose\ncurl -L \"https://github.com/docker/compose/releases/latest/download/docker-compose-$(uname -s)-$(uname -m)\" -o /usr/local/bin/docker-compose\nchmod +x /usr/local/bin/docker-compose\n"
            },
            "metadata_fingerprint": "ls1sWZUpYqA=",
            "metadata_startup_script": null,
            "min_cpu_platform": "",
            "name": "instahelper-server",
            "network_interface": [
              {
                "access_config": [
                  {
                    "nat_ip": "34.173.127.14",
                    "network_tier": "PREMIUM",
                    "public_ptr_domain_name": ""
                  }
                ],
                "alias_ip_range": [],
                "internal_ipv6_prefix_length": 0,
                "ipv6_access_config": [],
                "ipv6_access_type": "",
                "ipv6_address": "",
                "name": "nic0",
                "network": "https://www.googleapis.com/compute/v1/projects/instahelper-1772547417/global/networks/instahelper-vpc",
                "network_ip": "10.10.0.2",
                "nic_type": "",
                "queue_count": 0,
                "stack_type": "IPV4_ONLY",
                "subnetwork": "https://www.googleapis.com/compute/v1/projects/instahelper-1772547417/regions/us-central1/subnetworks/instahelper-subnet",
                "subnetwork_project": "instahelper-1772547417"
              }
            ],
            "network_performance_config": [],
            "params": [],
            "project": "instahelper-1772547417",
            "reservation_affinity": [],
            "resource_policies": [],
            "scheduling": [
              {
                "automatic_restart": true,
                "instance_termination_action": "",
                "local_ssd_recovery_timeout": [],
                "max_run_duration": [],
                "min_node_cpus": 0,
                "node_affinities": [],
                "on_host_maintenance": "MIGRATE",
                "on_instance_stop_action": [],
                "preemptible": false,
                "provisioning_model": "STANDARD"
              }
            ],
            "scratch_disk": [],
            "self_link": "https://www.googleapis.com/compute/v1/projects/instahelper-1772547417/zones/us-central1-a/instances/instahelper-server",
            "service_account": [
              {
                "email": "776970716796-compute@developer.gserviceaccount.com",
                "scopes": [
                  "https://www.googleapis.com/auth/cloud-platform"
                ]
              }
            ],
            "shielded_instance_config": [
              {
                "enable_integrity_monitoring": true,
                "enable_secure_boot": false,
                "enable_vtpm": true
              }
            ],
            "tags": [
              "http-server",
              "load-balanced-backend",
              "ssh-server"
            ],
            "tags_fingerprint": "rx2v0trihOs=",
            "terraform_labels": {},
            "timeouts": null,
            "zone": "us-central1-a"
          },
          "sensitive_attributes": [],
          "private": "eyJlMmJmYjczMC1lY2FhLTExZTYtOGY4OC0zNDM2M2JjN2M0YzAiOnsiY3JlYXRlIjoxMjAwMDAwMDAwMDAwLCJkZWxldGUiOjEyMDAwMDAwMDAwMDAsInVwZGF0ZSI6MTIwMDAwMDAwMDAwMH0sInNjaGVtYV92ZXJzaW9uIjoiNiJ9",
          "dependencies": [
            "google_compute_network.vpc",
            "google_compute_subnetwork.subnet"
          ]
        }
      ]
    },
    {
      "mode": "managed",
      "type": "google_compute_instance",
      "name": "gitlab_runner",
      "provider": "provider[\"registry.terraform.io/hashicorp/google\"]",
      "instances": [
        {
          "schema_version": 6,
          "attributes": {
            "advanced_machine_features": [],
            "allow_stopping_for_update": null,
            "attached_disk": [],
            "boot_disk": [
              {
                "auto_delete": true,
                "device_name": "persistent-disk-0",
                "disk_encryption_key_raw": "",
                "disk_encryption_key_sha256": "",
                "initialize_params": [
                  {
                    "enable_confidential_compute": false,
                    "image": "https://www.googleapis.com/compute/v1/projects/ubuntu-os-cloud/global/images/ubuntu-2204-jammy-v20260226",
                    "labels": {},
                    "provisioned_iops": 0,
                    "provisioned_throughput": 0,
                    "resource_manager_tags": {},
                    "size": 30,
                    "storage_pool": "",
                    "type": "pd-standard"
                  }
                ],
                "kms_key_self_link": "",
                "mode": "READ_WRITE",
                "source": "https://www.googleapis.com/compute/v1/projects/instahelper-1772547417/zones/us-central1-a/disks/gitlab-runner-vm"
              }
            ],
            "can_ip_forward": false,
            "confidential_instance_config": [],
            "cpu_platform": "Intel Broadwell",
            "current_status": "RUNNING",
            "deletion_protection": false,
            "description": "",
            "desired_status": null,
            "effective_labels": {},
            "enable_display": false,
            "guest_accelerator": [],
            "hostname": "",
            "id": "projects/instahelper-1772547417/zones/us-central1-a/instances/gitlab-runner-vm",
            "instance_id": "5336384580725571045",
            "label_fingerprint": "42WmSpB8rSM=",
            "labels": {},
            "machine_type": "e2-small",
            "metadata": {
              "ssh-keys": "ubuntu:ssh-rsa AAAAB3NzaC1yc2EAAAADAQABAAACAQCWC436Z6OQrUXXgNAPLtvX25Kn1uR1DUIWhLYjmsksmNtSoqpzBXc81ijJn9F3/rmnkPYA7YYyZIDF7ivAbI+U0Yp56PCYMDwBcuNyKHxu3h2So2IiBbD5JDut3lL2J1d98YGrUGFNt0gu9vp87TJR07iSHnYae37WtNqYRvhoSJBwY4E9GG+PNm4zEE8Utay6c/dD2FdabGFvCwLJlVfwgaIInr/cooGfqZcphG+lI/cb2B2LwYrlYD5D04wQoVGSc/IgW4TMG1L+q6FmjpSX+1tz89gzpb7yFZD8jpNysrdWPoeq+K0QGMY8RBjf/E67SC3IbZ6uyraGuQCx3pWWUALYaP5LBooou6hVXg2z8SQ0G13pUnj8IB58/h4FoC2udTm1YPQsy0VJV8+6GtbU3iylMy/+CiSCKOYSEaGo5PxDF0O1rxrApotGIEEKi+TEkptIzWQYh2i78ZrhSyaSMwUVqpsaJAe7QGZE9ZuiogqsOs33z2cJmgdNNlI8o++HdL8PJevh/PBeGCcTQsD2gxirRaYQY3MivkEmtX93+Y7ZS3E7/JBEDrwVqbAbWDQ8LMa2CWNuUG43X6nv7Dn1wOoi47u3wfarKxQlRBmZkVqeMs5wDgrT/3K+0b0fNij9CrJGOD4UElZCMNzMKfHOuMCKNG4g0FrcxOyaxASYbQ== mirai@local\n",
              "startup-script": "#!/bin/bash\napt-get update\napt-get install -y docker.io curl wget git\nsystemctl enable docker\nsystemctl start docker\nusermod -aG docker ubuntu\n\n# Скачивание и установка актуальной версии GitLab Runner\ncurl -LJO \"https://gitlab-runner-downloads.s3.amazonaws.com/latest/deb/gitlab-runner_amd64.deb\"\n# Важно: Проверяем, что файл скачался, прежде чем пытаться его установить\nif [ -f \"gitlab-runner_amd64.deb\" ]; then\n  dpkg -i gitlab-runner_amd64.deb\nelse\n  echo \"Failed to download GitLab Runner package\" \u003e\u00262\n  exit 1\nfi\n"
            },
            "metadata_fingerprint": "Xg0CaBPwsfo=",
            "metadata_startup_script": null,
            "min_cpu_platform": "",
            "name": "gitlab-runner-vm",
            "network_interface": [
              {
                "access_config": [
                  {
                    "nat_ip": "34.133.55.212",
                    "network_tier": "PREMIUM",
                    "public_ptr_domain_name": ""
                  }
                ],
                "alias_ip_range": [],
                "internal_ipv6_prefix_length": 0,
                "ipv6_access_config": [],
                "ipv6_access_type": "",
                "ipv6_address": "",
                "name": "nic0",
                "network": "https://www.googleapis.com/compute/v1/projects/instahelper-1772547417/global/networks/instahelper-vpc",
                "network_ip": "10.10.0.3",
                "nic_type": "",
                "queue_count": 0,
                "stack_type": "IPV4_ONLY",
                "subnetwork": "https://www.googleapis.com/compute/v1/projects/instahelper-1772547417/regions/us-central1/subnetworks/instahelper-subnet",
                "subnetwork_project": "instahelper-1772547417"
              }
            ],
            "network_performance_config": [],
            "params": [],
            "project": "instahelper-1772547417",
            "reservation_affinity": [],
            "resource_policies": [],
            "scheduling": [
              {
                "automatic_restart": true,
                "instance_termination_action": "",
                "local_ssd_recovery_timeout": [],
                "max_run_duration": [],
                "min_node_cpus": 0,
                "node_affinities": [],
                "on_host_maintenance": "MIGRATE",
                "on_instance_stop_action": [],
                "preemptible": false,
                "provisioning_model": "STANDARD"
              }
            ],
            "scratch_disk": [],
            "self_link": "https://www.googleapis.com/compute/v1/projects/instahelper-1772547417/zones/us-central1-a/instances/gitlab-runner-vm",
            "service_account": [
              {
                "email": "776970716796-compute@developer.gserviceaccount.com",
                "scopes": [
                  "https://www.googleapis.com/auth/cloud-platform"
                ]
              }
            ],
            "shielded_instance_config": [
              {
                "enable_integrity_monitoring": true,
                "enable_secure_boot": false,
                "enable_vtpm": true
              }
            ],
            "tags": [
              "http-server",
              "ssh-server"
            ],
            "tags_fingerprint": "3eL4F_0TT2s=",
            "terraform_labels": {},
            "timeouts": null,
            "zone": "us-central1-a"
          },
          "sensitive_attributes": [],
          "private": "eyJlMmJmYjczMC1lY2FhLTExZTYtOGY4OC0zNDM2M2JjN2M0YzAiOnsiY3JlYXRlIjoxMjAwMDAwMDAwMDAwLCJkZWxldGUiOjEyMDAwMDAwMDAwMDAsInVwZGF0ZSI6MTIwMDAwMDAwMDAwMH0sInNjaGVtYV92ZXJzaW9uIjoiNiJ9",
          "dependencies": [
            "google_compute_network.vpc",
            "google_compute_subnetwork.subnet"
          ]
        }
      ]
    },
    {
      "mode": "managed",
      "type": "google_compute_instance",
      "name": "monitoring",
      "provider": "provider[\"registry.terraform.io/hashicorp/google\"]",
      "instances": [
        {
          "schema_version": 6,
          "attributes": {
            "advanced_machine_features": [],
            "allow_stopping_for_update": null,
            "attached_disk": [],
            "boot_disk": [
              {
                "auto_delete": true,
                "device_name": "persistent-disk-0",
                "disk_encryption_key_raw": "",
                "disk_encryption_key_sha256": "",
                "initialize_params": [
                  {
                    "enable_confidential_compute": false,
                    "image": "https://www.googleapis.com/compute/v1/projects/ubuntu-os-cloud/global/images/ubuntu-2204-jammy-v20260226",
                    "labels": {},
                    "provisioned_iops": 0,
                    "provisioned_throughput": 0,
                    "resource_manager_tags": null,
                    "size": 40,
                    "storage_pool": "",
                    "type": "pd-standard"
                  }
                ],
                "kms_key_self_link": "",
                "mode": "READ_WRITE",
                "source": "https://www.googleapis.com/compute/v1/projects/instahelper-1772547417/zones/us-central1-a/disks/monitoring-vm"
              }
            ],
            "can_ip_forward": false,
            "confidential_instance_config": [],
            "cpu_platform": "AMD Rome",
            "current_status": "RUNNING",
            "deletion_protection": false,
            "description": "",
            "desired_status": null,
            "effective_labels": {},
            "enable_display": false,
            "guest_accelerator": [],
            "hostname": "",
            "id": "projects/instahelper-1772547417/zones/us-central1-a/instances/monitoring-vm",
            "instance_id": "2517401895715252348",
            "label_fingerprint": "42WmSpB8rSM=",
            "labels": null,
            "machine_type": "e2-small",
            "metadata": {
              "ssh-keys": "ubuntu:ssh-rsa AAAAB3NzaC1yc2EAAAADAQABAAACAQCWC436Z6OQrUXXgNAPLtvX25Kn1uR1DUIWhLYjmsksmNtSoqpzBXc81ijJn9F3/rmnkPYA7YYyZIDF7ivAbI+U0Yp56PCYMDwBcuNyKHxu3h2So2IiBbD5JDut3lL2J1d98YGrUGFNt0gu9vp87TJR07iSHnYae37WtNqYRvhoSJBwY4E9GG+PNm4zEE8Utay6c/dD2FdabGFvCwLJlVfwgaIInr/cooGfqZcphG+lI/cb2B2LwYrlYD5D04wQoVGSc/IgW4TMG1L+q6FmjpSX+1tz89gzpb7yFZD8jpNysrdWPoeq+K0QGMY8RBjf/E67SC3IbZ6uyraGuQCx3pWWUALYaP5LBooou6hVXg2z8SQ0G13pUnj8IB58/h4FoC2udTm1YPQsy0VJV8+6GtbU3iylMy/+CiSCKOYSEaGo5PxDF0O1rxrApotGIEEKi+TEkptIzWQYh2i78ZrhSyaSMwUVqpsaJAe7QGZE9ZuiogqsOs33z2cJmgdNNlI8o++HdL8PJevh/PBeGCcTQsD2gxirRaYQY3MivkEmtX93+Y7ZS3E7/JBEDrwVqbAbWDQ8LMa2CWNuUG43X6nv7Dn1wOoi47u3wfarKxQlRBmZkVqeMs5wDgrT/3K+0b0fNij9CrJGOD4UElZCMNzMKfHOuMCKNG4g0FrcxOyaxASYbQ== mirai@local\n"
            },
            "metadata_fingerprint": "rMQF0uckxP4=",
            "metadata_startup_script": null,
            "min_cpu_platform": "",
            "name": "monitoring-vm",
            "network_interface": [
              {
                "access_config": [
                  {
                    "nat_ip": "34.46.118.226",
                    "network_tier": "PREMIUM",
                    "public_ptr_domain_name": ""
                  }
                ],
                "alias_ip_range": [],
                "internal_ipv6_prefix_length": 0,
                "ipv6_access_config": [],
                "ipv6_access_type": "",
                "ipv6_address": "",
                "name": "nic0",
                "network": "https://www.googleapis.com/compute/v1/projects/instahelper-1772547417/global/networks/instahelper-vpc",
                "network_ip": "10.10.0.4",
                "nic_type": "",
                "queue_count": 0,
                "stack_type": "IPV4_ONLY",
                "subnetwork": "https://www.googleapis.com/compute/v1/projects/instahelper-1772547417/regions/us-central1/subnetworks/instahelper-subnet",
                "subnetwork_project": "instahelper-1772547417"
              }
            ],
            "network_performance_config": [],
            "params": [],
            "project": "instahelper-1772547417",
            "reservation_affinity": [],
            "resource_policies": null,
            "scheduling": [
              {
                "automatic_restart": true,
                "instance_termination_action": "",
                "local_ssd_recovery_timeout": [],
                "max_run_duration": [],
                "min_node_cpus": 0,
                "node_affinities": [],
                "on_host_maintenance": "MIGRATE",
                "on_instance_stop_action": [],
                "preemptible": false,
                "provisioning_model": "STANDARD"
              }
            ],
            "scratch_disk": [],
            "self_link": "https://www.googleapis.com/compute/v1/projects/instahelper-1772547417/zones/us-central1-a/instances/monitoring-vm",
            "service_account": [
              {
                "email": "776970716796-compute@developer.gserviceaccount.com",
                "scopes": [
                  "https://www.googleapis.com/auth/cloud-platform"
                ]
              }
            ],
            "shielded_instance_config": [
              {
                "enable_integrity_monitoring": true,
                "enable_secure_boot": false,
                "enable_vtpm": true
              }
            ],
            "tags": [
              "http-server",
              "monitoring-server",
              "ssh-server"
            ],
            "tags_fingerprint": "jTC_hIOTxDw=",
            "terraform_labels": {},
            "timeouts": null,
            "zone": "us-central1-a"
          },
          "sensitive_attributes": [],
          "private": "eyJlMmJmYjczMC1lY2FhLTExZTYtOGY4OC0zNDM2M2JjN2M0YzAiOnsiY3JlYXRlIjoxMjAwMDAwMDAwMDAwLCJkZWxldGUiOjEyMDAwMDAwMDAwMDAsInVwZGF0ZSI6MTIwMDAwMDAwMDAwMH0sInNjaGVtYV92ZXJzaW9uIjoiNiJ9",
          "dependencies": [
            "google_compute_network.vpc",
            "google_compute_subnetwork.subnet"
          ]
        }
      ]
    },
    {
      "mode": "managed",
      "type": "google_compute_instance_group",
      "name": "instahelper_group",
      "provider": "provider[\"registry.terraform.io/hashicorp/google\"]",
      "instances": [
        {
          "schema_version": 2,
          "attributes": {
            "description": "",
            "id": "projects/instahelper-1772547417/zones/us-central1-a/instanceGroups/instahelper-instance-group",
            "instances": [
              "https://www.googleapis.com/compute/v1/projects/instahelper-1772547417/zones/us-central1-a/instances/instahelper-server"
            ],
            "name": "instahelper-instance-group",
            "named_port": [
              {
                "name": "http",
                "port": 8080
              }
            ],
            "network": "https://www.googleapis.com/compute/v1/projects/instahelper-1772547417/global/networks/instahelper-vpc",
            "project": "instahelper-1772547417",
            "self_link": "https://www.googleapis.com/compute/v1/projects/instahelper-1772547417/zones/us-central1-a/instanceGroups/instahelper-instance-group",
            "size": 1,
            "timeouts": null,
            "zone": "us-central1-a"
          },
          "sensitive_attributes": [],
          "private": "eyJlMmJmYjczMC1lY2FhLTExZTYtOGY4OC0zNDM2M2JjN2M0YzAiOnsiY3JlYXRlIjozNjAwMDAwMDAwMDAsImRlbGV0ZSI6MzYwMDAwMDAwMDAwLCJ1cGRhdGUiOjM2MDAwMDAwMDAwMH0sInNjaGVtYV92ZXJzaW9uIjoiMiJ9",
          "dependencies": [
            "google_compute_instance.app_server",
            "google_compute_network.vpc",
            "google_compute_subnetwork.subnet"
          ]
        }
      ]
    },
    {
      "mode": "managed",
      "type": "google_compute_network",
      "name": "vpc",
      "provider": "provider[\"registry.terraform.io/hashicorp/google\"]",
      "instances": [
        {
          "schema_version": 0,
          "attributes": {
            "auto_create_subnetworks": false,
            "delete_default_routes_on_create": false,
            "description": "",
            "enable_ula_internal_ipv6": false,
            "gateway_ipv4": "",
            "id": "projects/instahelper-1772547417/global/networks/instahelper-vpc",
            "internal_ipv6_range": "",
            "mtu": 0,
            "name": "instahelper-vpc",
            "network_firewall_policy_enforcement_order": "AFTER_CLASSIC_FIREWALL",
            "numeric_id": "1191977006804979431",
            "project": "instahelper-1772547417",
            "routing_mode": "REGIONAL",
            "self_link": "https://www.googleapis.com/compute/v1/projects/instahelper-1772547417/global/networks/instahelper-vpc",
            "timeouts": null
          },
          "sensitive_attributes": [],
          "private": "eyJlMmJmYjczMC1lY2FhLTExZTYtOGY4OC0zNDM2M2JjN2M0YzAiOnsiY3JlYXRlIjoxMjAwMDAwMDAwMDAwLCJkZWxldGUiOjEyMDAwMDAwMDAwMDAsInVwZGF0ZSI6MTIwMDAwMDAwMDAwMH19"
        }
      ]
    },
    {
      "mode": "managed",
      "type": "google_compute_subnetwork",
      "name": "subnet",
      "provider": "provider[\"registry.terraform.io/hashicorp/google\"]",
      "instances": [
        {
          "schema_version": 0,
          "attributes": {
            "creation_timestamp": "2026-03-03T06:28:39.503-08:00",
            "description": "",
            "external_ipv6_prefix": "",
            "fingerprint": null,
            "gateway_address": "10.10.0.1",
            "id": "projects/instahelper-1772547417/regions/us-central1/subnetworks/instahelper-subnet",
            "internal_ipv6_prefix": "",
            "ip_cidr_range": "10.10.0.0/24",
            "ipv6_access_type": "",
            "ipv6_cidr_range": "",
            "log_config": [],
            "name": "instahelper-subnet",
            "network": "https://www.googleapis.com/compute/v1/projects/instahelper-1772547417/global/networks/instahelper-vpc",
            "private_ip_google_access": true,
            "private_ipv6_google_access": "DISABLE_GOOGLE_ACCESS",
            "project": "instahelper-1772547417",
            "purpose": "PRIVATE",
            "region": "us-central1",
            "role": "",
            "secondary_ip_range": [],
            "self_link": "https://www.googleapis.com/compute/v1/projects/instahelper-1772547417/regions/us-central1/subnetworks/instahelper-subnet",
            "send_secondary_ip_range_if_empty": null,
            "stack_type": "IPV4_ONLY",
            "timeouts": null
          },
          "sensitive_attributes": [],
          "private": "eyJlMmJmYjczMC1lY2FhLTExZTYtOGY4OC0zNDM2M2JjN2M0YzAiOnsiY3JlYXRlIjoxMjAwMDAwMDAwMDAwLCJkZWxldGUiOjEyMDAwMDAwMDAwMDAsInVwZGF0ZSI6MTIwMDAwMDAwMDAwMH19",
          "dependencies": [
            "google_compute_network.vpc"
          ]
        }
      ]
    },
    {
      "mode": "managed",
      "type": "google_compute_target_http_proxy",
      "name": "instahelper_http_proxy",
      "provider": "provider[\"registry.terraform.io/hashicorp/google\"]",
      "instances": [
        {
          "schema_version": 0,
          "attributes": {
            "creation_timestamp": "2026-03-03T06:30:51.156-08:00",
            "description": "",
            "http_keep_alive_timeout_sec": 0,
            "id": "projects/instahelper-1772547417/global/targetHttpProxies/instahelper-http-proxy",
            "name": "instahelper-http-proxy",
            "project": "instahelper-1772547417",
            "proxy_bind": false,
            "proxy_id": 6853650849702039156,
            "self_link": "https://www.googleapis.com/compute/v1/projects/instahelper-1772547417/global/targetHttpProxies/instahelper-http-proxy",
            "timeouts": null,
            "url_map": "https://www.googleapis.com/compute/v1/projects/instahelper-1772547417/global/urlMaps/instahelper-url-map"
          },
          "sensitive_attributes": [],
          "private": "eyJlMmJmYjczMC1lY2FhLTExZTYtOGY4OC0zNDM2M2JjN2M0YzAiOnsiY3JlYXRlIjoxMjAwMDAwMDAwMDAwLCJkZWxldGUiOjEyMDAwMDAwMDAwMDAsInVwZGF0ZSI6MTIwMDAwMDAwMDAwMH19",
          "dependencies": [
            "google_compute_backend_service.instahelper_backend",
            "google_compute_health_check.instahelper_health",
            "google_compute_instance.app_server",
            "google_compute_instance_group.instahelper_group",
            "google_compute_network.vpc",
            "google_compute_subnetwork.subnet",
            "google_compute_url_map.instahelper_url_map"
          ]
        }
      ]
    },
    {
      "mode": "managed",
      "type": "google_compute_url_map",
      "name": "instahelper_url_map",
      "provider": "provider[\"registry.terraform.io/hashicorp/google\"]",
      "instances": [
        {
          "schema_version": 0,
          "attributes": {
            "creation_timestamp": "2026-03-03T06:30:48.079-08:00",
            "default_route_action": [],
            "default_service": "https://www.googleapis.com/compute/v1/projects/instahelper-1772547417/global/backendServices/instahelper-backend-service",
            "default_url_redirect": [],
            "description": "",
            "fingerprint": "5XFQj0rk51c=",
            "header_action": [],
            "host_rule": [],
            "id": "projects/instahelper-1772547417/global/urlMaps/instahelper-url-map",
            "map_id": 890111466698133111,
            "name": "instahelper-url-map",
            "path_matcher": [],
            "project": "instahelper-1772547417",
            "self_link": "https://www.googleapis.com/compute/v1/projects/instahelper-1772547417/global/urlMaps/instahelper-url-map",
            "test": [],
            "timeouts": null
          },
          "sensitive_attributes": [],
          "private": "eyJlMmJmYjczMC1lY2FhLTExZTYtOGY4OC0zNDM2M2JjN2M0YzAiOnsiY3JlYXRlIjoxMjAwMDAwMDAwMDAwLCJkZWxldGUiOjEyMDAwMDAwMDAwMDAsInVwZGF0ZSI6MTIwMDAwMDAwMDAwMH19",
          "dependencies": [
            "google_compute_backend_service.instahelper_backend",
            "google_compute_health_check.instahelper_health",
            "google_compute_instance.app_server",
            "google_compute_instance_group.instahelper_group",
            "google_compute_network.vpc",
            "google_compute_subnetwork.subnet"
          ]
        }
      ]
    }
  ],
  "check_results": null
}
