{
  "version": 4,
  "terraform_version": "1.6.0",
  "serial": 48,
  "lineage": "a5f94ff2-758e-19c5-d7fb-96bcb7083fc6",
  "outputs": {
    "app_ips": {
      "value": [
        "35.223.114.56"
      ],
      "type": [
        "tuple",
        [
          "string"
        ]
      ]
    },
    "load_balancer_ip": {
      "value": "34.111.177.169",
      "type": "string"
    },
    "monitoring_ip": {
      "value": "35.223.114.56",
      "type": "string"
    }
  },
  "resources": [
    {
      "mode": "managed",
      "type": "google_compute_global_address",
      "name": "lb_ip",
      "provider": "provider[\"registry.terraform.io/hashicorp/google\"]",
      "instances": [
        {
          "schema_version": 0,
          "attributes": {
            "address": "34.111.177.169",
            "address_type": "EXTERNAL",
            "creation_timestamp": "2026-03-09T21:54:57.489-07:00",
            "description": "",
            "effective_labels": {},
            "id": "projects/instahelper-1772547417/global/addresses/instahelper-lb-uat",
            "ip_version": "",
            "label_fingerprint": "42WmSpB8rSM=",
            "labels": null,
            "name": "instahelper-lb-uat",
            "network": "",
            "prefix_length": 0,
            "project": "instahelper-1772547417",
            "purpose": "",
            "self_link": "https://www.googleapis.com/compute/v1/projects/instahelper-1772547417/global/addresses/instahelper-lb-uat",
            "terraform_labels": {},
            "timeouts": null
          },
          "sensitive_attributes": [],
          "private": "eyJlMmJmYjczMC1lY2FhLTExZTYtOGY4OC0zNDM2M2JjN2M0YzAiOnsiY3JlYXRlIjoxMjAwMDAwMDAwMDAwLCJkZWxldGUiOjEyMDAwMDAwMDAwMDAsInVwZGF0ZSI6MTIwMDAwMDAwMDAwMH19"
        }
      ]
    },
    {
      "mode": "managed",
      "type": "google_compute_instance",
      "name": "monitoring",
      "provider": "provider[\"registry.terraform.io/hashicorp/google\"]",
      "instances": []
    },
    {
      "mode": "managed",
      "type": "google_compute_instance_group",
      "name": "app_group",
      "provider": "provider[\"registry.terraform.io/hashicorp/google\"]",
      "instances": [
        {
          "status": "tainted",
          "schema_version": 2,
          "attributes": {
            "description": null,
            "id": "projects/instahelper-1772547417/zones/us-central1-a/instanceGroups/instahelper-group-uat",
            "instances": [
              "35.223.114.56"
            ],
            "name": "instahelper-group-uat",
            "named_port": [
              {
                "name": "http",
                "port": 8080
              }
            ],
            "network": null,
            "project": "instahelper-1772547417",
            "self_link": null,
            "size": null,
            "timeouts": null,
            "zone": "us-central1-a"
          },
          "sensitive_attributes": [],
          "private": "eyJlMmJmYjczMC1lY2FhLTExZTYtOGY4OC0zNDM2M2JjN2M0YzAiOnsiY3JlYXRlIjozNjAwMDAwMDAwMDAsImRlbGV0ZSI6MzYwMDAwMDAwMDAwLCJ1cGRhdGUiOjM2MDAwMDAwMDAwMH0sInNjaGVtYV92ZXJzaW9uIjoiMiJ9",
          "dependencies": [
            "module.app.google_compute_instance.app",
            "module.network.google_compute_network.vpc",
            "module.network.google_compute_subnetwork.subnet"
          ]
        }
      ]
    },
    {
      "mode": "managed",
      "type": "google_compute_network",
      "name": "vpc",
      "provider": "provider[\"registry.terraform.io/hashicorp/google\"]",
      "instances": [
        {
          "schema_version": 0,
          "attributes": {
            "auto_create_subnetworks": false,
            "delete_default_routes_on_create": false,
            "description": "",
            "enable_ula_internal_ipv6": false,
            "gateway_ipv4": "",
            "id": "projects/instahelper-1772547417/global/networks/instahelper-vpc",
            "internal_ipv6_range": "",
            "mtu": 0,
            "name": "instahelper-vpc",
            "network_firewall_policy_enforcement_order": "AFTER_CLASSIC_FIREWALL",
            "numeric_id": "1191977006804979431",
            "project": "instahelper-1772547417",
            "routing_mode": "REGIONAL",
            "self_link": "https://www.googleapis.com/compute/v1/projects/instahelper-1772547417/global/networks/instahelper-vpc",
            "timeouts": null
          },
          "sensitive_attributes": [],
          "private": "eyJlMmJmYjczMC1lY2FhLTExZTYtOGY4OC0zNDM2M2JjN2M0YzAiOnsiY3JlYXRlIjoxMjAwMDAwMDAwMDAwLCJkZWxldGUiOjEyMDAwMDAwMDAwMDAsInVwZGF0ZSI6MTIwMDAwMDAwMDAwMH19"
        }
      ]
    },
    {
      "module": "module.app",
      "mode": "managed",
      "type": "google_compute_instance",
      "name": "app",
      "provider": "provider[\"registry.terraform.io/hashicorp/google\"]",
      "instances": [
        {
          "index_key": 0,
          "schema_version": 6,
          "attributes": {
            "advanced_machine_features": [],
            "allow_stopping_for_update": null,
            "attached_disk": [],
            "boot_disk": [
              {
                "auto_delete": true,
                "device_name": "persistent-disk-0",
                "disk_encryption_key_raw": "",
                "disk_encryption_key_sha256": "",
                "initialize_params": [
                  {
                    "enable_confidential_compute": false,
                    "image": "https://www.googleapis.com/compute/v1/projects/ubuntu-os-cloud/global/images/ubuntu-2204-jammy-v20260226",
                    "labels": {},
                    "provisioned_iops": 0,
                    "provisioned_throughput": 0,
                    "resource_manager_tags": null,
                    "size": 20,
                    "storage_pool": "",
                    "type": "pd-standard"
                  }
                ],
                "kms_key_self_link": "",
                "mode": "READ_WRITE",
                "source": "https://www.googleapis.com/compute/v1/projects/instahelper-1772547417/zones/us-central1-a/disks/instahelper-uat-1"
              }
            ],
            "can_ip_forward": false,
            "confidential_instance_config": [],
            "cpu_platform": "AMD Rome",
            "current_status": "RUNNING",
            "deletion_protection": false,
            "description": "",
            "desired_status": null,
            "effective_labels": {},
            "enable_display": false,
            "guest_accelerator": [],
            "hostname": "",
            "id": "projects/instahelper-1772547417/zones/us-central1-a/instances/instahelper-uat-1",
            "instance_id": "9075561809880160901",
            "label_fingerprint": "42WmSpB8rSM=",
            "labels": null,
            "machine_type": "e2-small",
            "metadata": {
              "ssh-keys": "ubuntu:ssh-rsa AAAAB3NzaC1yc2EAAAADAQABAAACAQCWC436Z6OQrUXXgNAPLtvX25Kn1uR1DUIWhLYjmsksmNtSoqpzBXc81ijJn9F3/rmnkPYA7YYyZIDF7ivAbI+U0Yp56PCYMDwBcuNyKHxu3h2So2IiBbD5JDut3lL2J1d98YGrUGFNt0gu9vp87TJR07iSHnYae37WtNqYRvhoSJBwY4E9GG+PNm4zEE8Utay6c/dD2FdabGFvCwLJlVfwgaIInr/cooGfqZcphG+lI/cb2B2LwYrlYD5D04wQoVGSc/IgW4TMG1L+q6FmjpSX+1tz89gzpb7yFZD8jpNysrdWPoeq+K0QGMY8RBjf/E67SC3IbZ6uyraGuQCx3pWWUALYaP5LBooou6hVXg2z8SQ0G13pUnj8IB58/h4FoC2udTm1YPQsy0VJV8+6GtbU3iylMy/+CiSCKOYSEaGo5PxDF0O1rxrApotGIEEKi+TEkptIzWQYh2i78ZrhSyaSMwUVqpsaJAe7QGZE9ZuiogqsOs33z2cJmgdNNlI8o++HdL8PJevh/PBeGCcTQsD2gxirRaYQY3MivkEmtX93+Y7ZS3E7/JBEDrwVqbAbWDQ8LMa2CWNuUG43X6nv7Dn1wOoi47u3wfarKxQlRBmZkVqeMs5wDgrT/3K+0b0fNij9CrJGOD4UElZCMNzMKfHOuMCKNG4g0FrcxOyaxASYbQ== mirai@local\n",
              "startup-script": "#!/bin/bash\napt-get update\napt-get install -y docker.io python3-pip curl\nsystemctl enable docker\nsystemctl start docker\nusermod -aG docker ubuntu\ncurl -L \"https://github.com/docker/compose/releases/latest/download/docker-compose-$(uname -s)-$(uname -m)\" -o /usr/local/bin/docker-compose\nchmod +x /usr/local/bin/docker-compose\n"
            },
            "metadata_fingerprint": "taJ76DttkXI=",
            "metadata_startup_script": null,
            "min_cpu_platform": "",
            "name": "instahelper-uat-1",
            "network_interface": [
              {
                "access_config": [
                  {
                    "nat_ip": "35.223.114.56",
                    "network_tier": "PREMIUM",
                    "public_ptr_domain_name": ""
                  }
                ],
                "alias_ip_range": [],
                "internal_ipv6_prefix_length": 0,
                "ipv6_access_config": [],
                "ipv6_access_type": "",
                "ipv6_address": "",
                "name": "nic0",
                "network": "https://www.googleapis.com/compute/v1/projects/instahelper-1772547417/global/networks/instahelper-vpc-uat",
                "network_ip": "10.10.0.2",
                "nic_type": "",
                "queue_count": 0,
                "stack_type": "IPV4_ONLY",
                "subnetwork": "https://www.googleapis.com/compute/v1/projects/instahelper-1772547417/regions/us-central1/subnetworks/instahelper-vpc-subnet-uat",
                "subnetwork_project": "instahelper-1772547417"
              }
            ],
            "network_performance_config": [],
            "params": [],
            "project": "instahelper-1772547417",
            "reservation_affinity": [],
            "resource_policies": null,
            "scheduling": [
              {
                "automatic_restart": true,
                "instance_termination_action": "",
                "local_ssd_recovery_timeout": [],
                "max_run_duration": [],
                "min_node_cpus": 0,
                "node_affinities": [],
                "on_host_maintenance": "MIGRATE",
                "on_instance_stop_action": [],
                "preemptible": false,
                "provisioning_model": "STANDARD"
              }
            ],
            "scratch_disk": [],
            "self_link": "https://www.googleapis.com/compute/v1/projects/instahelper-1772547417/zones/us-central1-a/instances/instahelper-uat-1",
            "service_account": [
              {
                "email": "776970716796-compute@developer.gserviceaccount.com",
                "scopes": [
                  "https://www.googleapis.com/auth/cloud-platform"
                ]
              }
            ],
            "shielded_instance_config": [
              {
                "enable_integrity_monitoring": true,
                "enable_secure_boot": false,
                "enable_vtpm": true
              }
            ],
            "tags": [
              "app-server",
              "app-server-uat",
              "http-server-uat"
            ],
            "tags_fingerprint": "QCMSIup-2MQ=",
            "terraform_labels": {},
            "timeouts": null,
            "zone": "us-central1-a"
          },
          "sensitive_attributes": [],
          "private": "eyJlMmJmYjczMC1lY2FhLTExZTYtOGY4OC0zNDM2M2JjN2M0YzAiOnsiY3JlYXRlIjoxMjAwMDAwMDAwMDAwLCJkZWxldGUiOjEyMDAwMDAwMDAwMDAsInVwZGF0ZSI6MTIwMDAwMDAwMDAwMH0sInNjaGVtYV92ZXJzaW9uIjoiNiJ9",
          "dependencies": [
            "module.network.google_compute_network.vpc",
            "module.network.google_compute_subnetwork.subnet"
          ]
        }
      ]
    },
    {
      "module": "module.network",
      "mode": "managed",
      "type": "google_compute_firewall",
      "name": "allow-http",
      "provider": "provider[\"registry.terraform.io/hashicorp/google\"]",
      "instances": [
        {
          "schema_version": 1,
          "attributes": {
            "allow": [
              {
                "ports": [
                  "80",
                  "8080"
                ],
                "protocol": "tcp"
              }
            ],
            "creation_timestamp": "2026-03-09T21:55:54.629-07:00",
            "deny": [],
            "description": "",
            "destination_ranges": [],
            "direction": "INGRESS",
            "disabled": false,
            "enable_logging": null,
            "id": "projects/instahelper-1772547417/global/firewalls/allow-http-uat",
            "log_config": [],
            "name": "allow-http-uat",
            "network": "https://www.googleapis.com/compute/v1/projects/instahelper-1772547417/global/networks/instahelper-vpc-uat",
            "priority": 1000,
            "project": "instahelper-1772547417",
            "self_link": "https://www.googleapis.com/compute/v1/projects/instahelper-1772547417/global/firewalls/allow-http-uat",
            "source_ranges": [
              "0.0.0.0/0"
            ],
            "source_service_accounts": null,
            "source_tags": null,
            "target_service_accounts": null,
            "target_tags": [
              "http-server-uat"
            ],
            "timeouts": null
          },
          "sensitive_attributes": [],
          "private": "eyJlMmJmYjczMC1lY2FhLTExZTYtOGY4OC0zNDM2M2JjN2M0YzAiOnsiY3JlYXRlIjoxMjAwMDAwMDAwMDAwLCJkZWxldGUiOjEyMDAwMDAwMDAwMDAsInVwZGF0ZSI6MTIwMDAwMDAwMDAwMH0sInNjaGVtYV92ZXJzaW9uIjoiMSJ9",
          "dependencies": [
            "module.network.google_compute_network.vpc"
          ]
        }
      ]
    },
    {
      "module": "module.network",
      "mode": "managed",
      "type": "google_compute_firewall",
      "name": "allow-ssh",
      "provider": "provider[\"registry.terraform.io/hashicorp/google\"]",
      "instances": [
        {
          "schema_version": 1,
          "attributes": {
            "allow": [
              {
                "ports": [
                  "22"
                ],
                "protocol": "tcp"
              }
            ],
            "creation_timestamp": "2026-03-09T21:55:55.099-07:00",
            "deny": [],
            "description": "",
            "destination_ranges": [],
            "direction": "INGRESS",
            "disabled": false,
            "enable_logging": null,
            "id": "projects/instahelper-1772547417/global/firewalls/allow-ssh-uat",
            "log_config": [],
            "name": "allow-ssh-uat",
            "network": "https://www.googleapis.com/compute/v1/projects/instahelper-1772547417/global/networks/instahelper-vpc-uat",
            "priority": 1000,
            "project": "instahelper-1772547417",
            "self_link": "https://www.googleapis.com/compute/v1/projects/instahelper-1772547417/global/firewalls/allow-ssh-uat",
            "source_ranges": [
              "0.0.0.0/0"
            ],
            "source_service_accounts": null,
            "source_tags": null,
            "target_service_accounts": null,
            "target_tags": [
              "ssh-server-uat"
            ],
            "timeouts": null
          },
          "sensitive_attributes": [],
          "private": "eyJlMmJmYjczMC1lY2FhLTExZTYtOGY4OC0zNDM2M2JjN2M0YzAiOnsiY3JlYXRlIjoxMjAwMDAwMDAwMDAwLCJkZWxldGUiOjEyMDAwMDAwMDAwMDAsInVwZGF0ZSI6MTIwMDAwMDAwMDAwMH0sInNjaGVtYV92ZXJzaW9uIjoiMSJ9",
          "dependencies": [
            "module.network.google_compute_network.vpc"
          ]
        }
      ]
    },
    {
      "module": "module.network",
      "mode": "managed",
      "type": "google_compute_network",
      "name": "vpc",
      "provider": "provider[\"registry.terraform.io/hashicorp/google\"]",
      "instances": [
        {
          "schema_version": 0,
          "attributes": {
            "auto_create_subnetworks": false,
            "delete_default_routes_on_create": false,
            "description": "",
            "enable_ula_internal_ipv6": false,
            "gateway_ipv4": "",
            "id": "projects/instahelper-1772547417/global/networks/instahelper-vpc-uat",
            "internal_ipv6_range": "",
            "mtu": 0,
            "name": "instahelper-vpc-uat",
            "network_firewall_policy_enforcement_order": "AFTER_CLASSIC_FIREWALL",
            "numeric_id": "5478813422906907297",
            "project": "instahelper-1772547417",
            "routing_mode": "REGIONAL",
            "self_link": "https://www.googleapis.com/compute/v1/projects/instahelper-1772547417/global/networks/instahelper-vpc-uat",
            "timeouts": null
          },
          "sensitive_attributes": [],
          "private": "eyJlMmJmYjczMC1lY2FhLTExZTYtOGY4OC0zNDM2M2JjN2M0YzAiOnsiY3JlYXRlIjoxMjAwMDAwMDAwMDAwLCJkZWxldGUiOjEyMDAwMDAwMDAwMDAsInVwZGF0ZSI6MTIwMDAwMDAwMDAwMH19"
        }
      ]
    },
    {
      "module": "module.network",
      "mode": "managed",
      "type": "google_compute_subnetwork",
      "name": "subnet",
      "provider": "provider[\"registry.terraform.io/hashicorp/google\"]",
      "instances": [
        {
          "schema_version": 0,
          "attributes": {
            "creation_timestamp": "2026-03-09T21:55:55.213-07:00",
            "description": "",
            "external_ipv6_prefix": "",
            "fingerprint": null,
            "gateway_address": "10.10.0.1",
            "id": "projects/instahelper-1772547417/regions/us-central1/subnetworks/instahelper-vpc-subnet-uat",
            "internal_ipv6_prefix": "",
            "ip_cidr_range": "10.10.0.0/24",
            "ipv6_access_type": "",
            "ipv6_cidr_range": "",
            "log_config": [],
            "name": "instahelper-vpc-subnet-uat",
            "network": "https://www.googleapis.com/compute/v1/projects/instahelper-1772547417/global/networks/instahelper-vpc-uat",
            "private_ip_google_access": false,
            "private_ipv6_google_access": "DISABLE_GOOGLE_ACCESS",
            "project": "instahelper-1772547417",
            "purpose": "PRIVATE",
            "region": "us-central1",
            "role": "",
            "secondary_ip_range": [],
            "self_link": "https://www.googleapis.com/compute/v1/projects/instahelper-1772547417/regions/us-central1/subnetworks/instahelper-vpc-subnet-uat",
            "send_secondary_ip_range_if_empty": null,
            "stack_type": "IPV4_ONLY",
            "timeouts": null
          },
          "sensitive_attributes": [],
          "private": "eyJlMmJmYjczMC1lY2FhLTExZTYtOGY4OC0zNDM2M2JjN2M0YzAiOnsiY3JlYXRlIjoxMjAwMDAwMDAwMDAwLCJkZWxldGUiOjEyMDAwMDAwMDAwMDAsInVwZGF0ZSI6MTIwMDAwMDAwMDAwMH19",
          "dependencies": [
            "module.network.google_compute_network.vpc"
          ]
        }
      ]
    }
  ],
  "check_results": null
}
